
Microsoft Visual Studio Solution File, Format Version 12.00
# Visual Studio Version 17
VisualStudioVersion = 17.6.33815.320
MinimumVisualStudioVersion = 10.0.40219.1
Project("{FAE04EC0-301F-11D3-BF4B-00C04F79EFBC}") = "MqttApi", "MqttApi.csproj", "{A221DDEE-B73A-4EAC-B188-D6CEB0454EF4}"
EndProject
Global
	GlobalSection(SolutionConfigurationPlatforms) = preSolution
		Debug|Any CPU = Debug|Any CPU
		Release|Any CPU = Release|Any CPU
	EndGlobalSection
	GlobalSection(ProjectConfigurationPlatforms) = postSolution
		{A221DDEE-B73A-4EAC-B188-D6CEB0454EF4}.Debug|Any CPU.ActiveCfg = Debug|Any CPU
		{A221DDEE-B73A-4EAC-B188-D6CEB0454EF4}.Debug|Any CPU.Build.0 = Debug|Any CPU
		{A221DDEE-B73A-4EAC-B188-D6CEB0454EF4}.Release|Any CPU.ActiveCfg = Release|Any CPU
		{A221DDEE-B73A-4EAC-B188-D6CEB0454EF4}.Release|Any CPU.Build.0 = Release|Any CPU
	EndGlobalSection
	GlobalSection(SolutionProperties) = preSolution
		HideSolutionNode = FALSE
	EndGlobalSection
	GlobalSection(ExtensibilityGlobals) = postSolution
		SolutionGuid = {F947911C-DD99-4892-A510-270FE4D3197F}
	EndGlobalSection
EndGlobal
